
Microsoft Visual Studio Solution File, Format Version 12.00
# Visual Studio Version 17
VisualStudioVersion = 17.10.35013.160
MinimumVisualStudioVersion = 10.0.40219.1
Project("{FAE04EC0-301F-11D3-BF4B-00C04F79EFBC}") = "T9Spelling", "T9Spelling\T9Spelling.csproj", "{A7A7C5F5-EB13-449B-96F0-C76A546BB842}"
EndProject
Project("{FAE04EC0-301F-11D3-BF4B-00C04F79EFBC}") = "T9SpellingTests", "T9SpellingTests\T9SpellingTests.csproj", "{6236474B-0BC7-45C6-BCB4-FB21FC4BFA87}"
EndProject
Global
	GlobalSection(SolutionConfigurationPlatforms) = preSolution
		Debug|Any CPU = Debug|Any CPU
		Release|Any CPU = Release|Any CPU
	EndGlobalSection
	GlobalSection(ProjectConfigurationPlatforms) = postSolution
		{A7A7C5F5-EB13-449B-96F0-C76A546BB842}.Debug|Any CPU.ActiveCfg = Debug|Any CPU
		{A7A7C5F5-EB13-449B-96F0-C76A546BB842}.Debug|Any CPU.Build.0 = Debug|Any CPU
		{A7A7C5F5-EB13-449B-96F0-C76A546BB842}.Release|Any CPU.ActiveCfg = Release|Any CPU
		{A7A7C5F5-EB13-449B-96F0-C76A546BB842}.Release|Any CPU.Build.0 = Release|Any CPU
		{6236474B-0BC7-45C6-BCB4-FB21FC4BFA87}.Debug|Any CPU.ActiveCfg = Debug|Any CPU
		{6236474B-0BC7-45C6-BCB4-FB21FC4BFA87}.Debug|Any CPU.Build.0 = Debug|Any CPU
		{6236474B-0BC7-45C6-BCB4-FB21FC4BFA87}.Release|Any CPU.ActiveCfg = Release|Any CPU
		{6236474B-0BC7-45C6-BCB4-FB21FC4BFA87}.Release|Any CPU.Build.0 = Release|Any CPU
	EndGlobalSection
	GlobalSection(SolutionProperties) = preSolution
		HideSolutionNode = FALSE
	EndGlobalSection
	GlobalSection(ExtensibilityGlobals) = postSolution
		SolutionGuid = {8C3DA4B2-3D4C-4FD1-B377-716F0E879D33}
	EndGlobalSection
EndGlobal
